
Microsoft Visual Studio Solution File, Format Version 12.00
# Visual Studio Version 16
VisualStudioVersion = 16.0.32228.343
MinimumVisualStudioVersion = 10.0.40219.1
Project("{9A19103F-16F7-4668-BE54-9A1E7A4F7556}") = "2RPNET_API", "2RPNET_API.csproj", "{D0BC9E87-39B5-4ADD-B9E9-563D02F42B6D}"
EndProject
Project("{9A19103F-16F7-4668-BE54-9A1E7A4F7556}") = "2RPNET_API.Teste", "..\2RPNET_API.Teste\2RPNET_API.Teste.csproj", "{8789EDD2-CBA3-4214-9330-F09DF4F1EE55}"
	ProjectSection(ProjectDependencies) = postProject
		{D0BC9E87-39B5-4ADD-B9E9-563D02F42B6D} = {D0BC9E87-39B5-4ADD-B9E9-563D02F42B6D}
	EndProjectSection
EndProject
Global
	GlobalSection(SolutionConfigurationPlatforms) = preSolution
		Debug|Any CPU = Debug|Any CPU
		Release|Any CPU = Release|Any CPU
	EndGlobalSection
	GlobalSection(ProjectConfigurationPlatforms) = postSolution
		{D0BC9E87-39B5-4ADD-B9E9-563D02F42B6D}.Debug|Any CPU.ActiveCfg = Debug|Any CPU
		{D0BC9E87-39B5-4ADD-B9E9-563D02F42B6D}.Debug|Any CPU.Build.0 = Debug|Any CPU
		{D0BC9E87-39B5-4ADD-B9E9-563D02F42B6D}.Release|Any CPU.ActiveCfg = Release|Any CPU
		{D0BC9E87-39B5-4ADD-B9E9-563D02F42B6D}.Release|Any CPU.Build.0 = Release|Any CPU
		{8789EDD2-CBA3-4214-9330-F09DF4F1EE55}.Debug|Any CPU.ActiveCfg = Debug|Any CPU
		{8789EDD2-CBA3-4214-9330-F09DF4F1EE55}.Debug|Any CPU.Build.0 = Debug|Any CPU
		{8789EDD2-CBA3-4214-9330-F09DF4F1EE55}.Release|Any CPU.ActiveCfg = Release|Any CPU
		{8789EDD2-CBA3-4214-9330-F09DF4F1EE55}.Release|Any CPU.Build.0 = Release|Any CPU
	EndGlobalSection
	GlobalSection(SolutionProperties) = preSolution
		HideSolutionNode = FALSE
	EndGlobalSection
	GlobalSection(ExtensibilityGlobals) = postSolution
		SolutionGuid = {020BFBB9-BBF6-49D6-B2BF-BA120EE56E09}
	EndGlobalSection
EndGlobal
