
Microsoft Visual Studio Solution File, Format Version 12.00
# Visual Studio Version 17
VisualStudioVersion = 17.1.32319.34
MinimumVisualStudioVersion = 10.0.40219.1
Project("{9A19103F-16F7-4668-BE54-9A1E7A4F7556}") = "2RPNET_API", "2RPNET_API.csproj", "{D0BC9E87-39B5-4ADD-B9E9-563D02F42B6D}"
EndProject
Global
	GlobalSection(SolutionConfigurationPlatforms) = preSolution
		Debug|Any CPU = Debug|Any CPU
		Release|Any CPU = Release|Any CPU
	EndGlobalSection
	GlobalSection(ProjectConfigurationPlatforms) = postSolution
		{D0BC9E87-39B5-4ADD-B9E9-563D02F42B6D}.Debug|Any CPU.ActiveCfg = Debug|Any CPU
		{D0BC9E87-39B5-4ADD-B9E9-563D02F42B6D}.Debug|Any CPU.Build.0 = Debug|Any CPU
		{D0BC9E87-39B5-4ADD-B9E9-563D02F42B6D}.Release|Any CPU.ActiveCfg = Release|Any CPU
		{D0BC9E87-39B5-4ADD-B9E9-563D02F42B6D}.Release|Any CPU.Build.0 = Release|Any CPU
		{25929D95-40C6-42CA-B030-1D1B1F985B0F}.Debug|Any CPU.ActiveCfg = Debug|Any CPU
		{25929D95-40C6-42CA-B030-1D1B1F985B0F}.Debug|Any CPU.Build.0 = Debug|Any CPU
		{25929D95-40C6-42CA-B030-1D1B1F985B0F}.Release|Any CPU.ActiveCfg = Release|Any CPU
		{25929D95-40C6-42CA-B030-1D1B1F985B0F}.Release|Any CPU.Build.0 = Release|Any CPU
	EndGlobalSection
	GlobalSection(SolutionProperties) = preSolution
		HideSolutionNode = FALSE
	EndGlobalSection
	GlobalSection(ExtensibilityGlobals) = postSolution
		SolutionGuid = {020BFBB9-BBF6-49D6-B2BF-BA120EE56E09}
	EndGlobalSection
EndGlobal
